{
    "_meta": {
        "hash": {
            "sha256": "8ba56c65a030e205a6fbfffdaec3553ba2f46f4896f82f22604d03c2b5fb21f0"
        },
        "pipfile-spec": 6,
        "requires": {
            "python_version": "3.7"
        },
        "sources": [
            {
                "name": "pypi",
                "url": "https://pypi.org/simple",
                "verify_ssl": true
            }
        ]
    },
    "default": {
        "adafruit-blinka": {
            "hashes": [
                "sha256:a867ce4d905900cbf879cf1f0c51a60cecdcdb1e6837d0c40bab56e1c2358470"
            ],
            "index": "pypi",
            "version": "==2.3.0"
        },
        "adafruit-circuitpython-gps": {
            "hashes": [
                "sha256:e473127539a154ae817e62d43b0e255203e942835b57692e3484c62e68c2980e"
            ],
            "index": "pypi",
            "version": "==3.3.0"
        },
        "adafruit-platformdetect": {
            "hashes": [
                "sha256:d5cabc3991d5e58a3e0b7500372500b8084d9ab7017d4d36f66f36a583613ec4"
            ],
            "version": "==1.3.0"
        },
        "adafruit-pureio": {
            "hashes": [
                "sha256:e65cd929f1d8e109513ed1e457c2742bf4f15349c1a9b7f5b1e04191624d7488"
            ],
            "version": "==0.2.3"
        },
        "certifi": {
            "hashes": [
                "sha256:046832c04d4e752f37383b628bc601a7ea7211496b4638f6514d0e5b9acc4939",
                "sha256:945e3ba63a0b9f577b1395204e13c3a231f9bc0223888be653286534e5873695"
            ],
            "version": "==2019.6.16"
        },
        "chardet": {
            "hashes": [
                "sha256:84ab92ed1c4d4f16916e05906b6b75a6c0fb5db821cc65e70cbd64a3e2a5eaae",
                "sha256:fc323ffcaeaed0e0a02bf4d117757b98aed530d9ed4531e3e15460124c106691"
            ],
            "version": "==3.0.4"
        },
        "idna": {
            "hashes": [
                "sha256:c357b3f628cf53ae2c4c05627ecc484553142ca23264e593d327bcde5e9c3407",
                "sha256:ea8b7f6188e6fa117537c3df7da9fc686d485087abf6ac197f9c46432f7e4a3c"
            ],
            "version": "==2.8"
        },
        "pyserial": {
            "hashes": [
                "sha256:6e2d401fdee0eab996cf734e67773a0143b932772ca8b42451440cfed942c627",
                "sha256:e0770fadba80c31013896c7e6ef703f72e7834965954a78e71a3049488d4d7d8"
            ],
            "index": "pypi",
            "version": "==3.4"
        },
        "requests": {
            "hashes": [
                "sha256:11e007a8a2aa0323f5a921e9e6a2d7e4e67d9877e85773fba9ba6419025cbeb4",
                "sha256:9cf5292fcd0f598c671cfc1e0d7d1a7f13bb8085e9a590f48c010551dc6c4b31"
            ],
            "index": "pypi",
            "version": "==2.22.0"
        },
        "rpi-ws281x": {
            "hashes": [
                "sha256:262ad65562333c20ccb1f10850f2413521dd300a2af16de32cbfa27b5b8353ac",
                "sha256:bad191da9945d7ba9fe0f88ab70d04e6af1b554f520eaa50415f7bff1fa31150",
                "sha256:d06cd31217dec40d715a3a07ccb2b4b0b0719527c5aa020cbdd77d0c0b31d113",
                "sha256:dbbb04947b3166d96ba48a82702be9e9e762eb78922434e491d0de958f8fe8c7",
                "sha256:eb2365f513b333fb1574131a1a719b66ffd252624c192ac0e954a5970cfea84f"
            ],
            "version": "==4.2.2"
        },
        "rpi.gpio": {
            "hashes": [
                "sha256:7424bc6c205466764f30f666c18187a0824077daf20b295c42f08aea2cb87d3f"
            ],
            "version": "==0.7.0"
        },
        "spidev": {
            "hashes": [
                "sha256:4314e52f573d95233c907f307558893313a8a606e197e77bb711526b0e179e80"
            ],
            "version": "==3.4"
        },
        "sysv-ipc": {
            "hashes": [
                "sha256:b284e961274c67ed3debfdd8a43f197451c5f100955142bbed380258c6c73e06",
                "sha256:b59fbd42c9de27b42fdda69c4aa7556312112dc6ac7246e44cd875cf049e4273",
                "sha256:cd70548a92218ede2da499080b31e52f1d7cf60716c5cc7d468ec89e8b73c530"
            ],
            "version": "==1.0.0"
        },
        "urllib3": {
            "hashes": [
                "sha256:b246607a25ac80bedac05c6f282e3cdaf3afb65420fd024ac94435cabe6e18d1",
                "sha256:dbe59173209418ae49d485b87d1681aefa36252ee85884c31346debd19463232"
            ],
            "version": "==1.25.3"
        }
    },
    "develop": {}
}
